{
    "_meta": {
        "hash": {
            "sha256": "cce404434736a5610aaec38eba8fe40674bc520ca27b52b34dd01bc0ab276bf1"
        },
        "pipfile-spec": 6,
        "requires": {
            "python_version": "3.6"
        },
        "sources": [
            {
                "name": "pypi",
                "url": "https://pypi.org/simple",
                "verify_ssl": true
            }
        ]
    },
    "default": {
        "aiofiles": {
            "hashes": [
                "sha256:a1c4fc9b2ff81568c83e21392a82f344ea9d23da906e4f6a52662764545e19d4",
                "sha256:c67a6823b5f23fcab0a2595a289cec7d8c863ffcb4322fb8cd6b90400aedfdbc"
            ],
            "markers": "python_version >= '3.6' and python_version < '4.0'",
            "version": "==0.7.0"
        },
        "appdirs": {
            "hashes": [
                "sha256:9e5896d1372858f8dd3344faf4e5014d21849c756c8d5701f78f8a103b372d92",
                "sha256:d8b24664561d0d34ddfaec54636d502d7cea6e29c3eaf68f3df6180863e2166e"
            ],
            "index": "pypi",
            "version": "==1.4.3"
        },
        "attrs": {
            "hashes": [
                "sha256:ec20e7a4825331c1b5ebf261d111e16fa9612c1f7a5e1f884f12bd53a664dfd2",
                "sha256:f913492e1663d3c36f502e5e9ba6cd13cf19d7fab50aa13239e420fef95e1396"
            ],
            "index": "pypi",
            "version": "==19.2.0"
        },
        "black": {
            "hashes": [
                "sha256:09a9dcb7c46ed496a9850b76e4e825d6049ecd38b611f1224857a79bd985a8cf",
                "sha256:68950ffd4d9169716bcb8719a56c07a2f4485354fec061cdd5910aa07369731c"
            ],
            "index": "pypi",
            "version": "==19.3b0"
        },
        "certifi": {
            "hashes": [
                "sha256:e4f3620cfea4f83eedc95b24abd9cd56f3c4b146dd0177e83a21b4eb49e21e50",
                "sha256:fd7c7c74727ddcf00e9acd26bba8da604ffec95bf1c2144e67aff7a8b50e6cef"
            ],
            "index": "pypi",
            "version": "==2019.9.11"
        },
        "chardet": {
            "hashes": [
                "sha256:84ab92ed1c4d4f16916e05906b6b75a6c0fb5db821cc65e70cbd64a3e2a5eaae",
                "sha256:fc323ffcaeaed0e0a02bf4d117757b98aed530d9ed4531e3e15460124c106691"
            ],
            "index": "pypi",
            "version": "==3.0.4"
        },
        "click": {
            "hashes": [
                "sha256:2335065e6395b9e67ca716de5f7526736bfa6ceead690adf616d925bdc622b13",
                "sha256:5b94b49521f6456670fdb30cd82a4eca9412788a93fa6dd6df72c94d5a8ff2d7"
            ],
            "index": "pypi",
            "version": "==7.0"
        },
        "docopt": {
            "hashes": [
                "sha256:49b3a825280bd66b3aa83585ef59c4a8c82f2c8a522dbe754a8bc8d08c85c491"
            ],
            "index": "pypi",
            "version": "==0.6.2"
        },
        "h11": {
            "hashes": [
                "sha256:acca6a44cb52a32ab442b1779adf0875c443c689e9e028f8d831a3769f9c5208",
                "sha256:f2b1ca39bfed357d1f19ac732913d5f9faa54a5062eca7d2ec3a916cfb7ae4c7"
            ],
            "version": "==0.8.1"
        },
        "h2": {
            "hashes": [
                "sha256:61e0f6601fa709f35cdb730863b4e5ec7ad449792add80d1410d4174ed139af5",
                "sha256:875f41ebd6f2c44781259005b157faed1a5031df3ae5aa7bcb4628a6c0782f14"
            ],
            "version": "==3.2.0"
        },
        "hpack": {
            "hashes": [
                "sha256:0edd79eda27a53ba5be2dfabf3b15780928a0dff6eb0c60a3d6767720e970c89",
                "sha256:8eec9c1f4bfae3408a3f30500261f7e6a65912dc138526ea054f9ad98892e9d2"
            ],
            "version": "==3.0.0"
        },
        "httpcore": {
            "hashes": [
                "sha256:96f910b528d47b683242ec207050c7bbaa99cd1b9a07f78ea80cf61e55556b58"
            ],
            "markers": "python_version >= '3.6'",
            "version": "==0.3.0"
        },
        "httptools": {
            "hashes": [
                "sha256:04114db99605c9b56ea22a8ec4d7b1485b908128ed4f4a8f6438489c428da794",
                "sha256:074afd8afdeec0fa6786cd4a1676e0c0be23dc9a017a86647efa6b695168104f",
                "sha256:113816f9af7dcfc4aa71ebb5354d77365f666ecf96ac7ff2aa1d24b6bca44165",
                "sha256:1a8f26327023fa1a947d36e60a0582149e182fbbc949c8a65ec8665754dbbe69",
                "sha256:2119fa619a4c53311f594f25c0205d619350fcb32140ec5057f861952e9b2b4f",
                "sha256:21e948034f70e47c8abfa2d5e6f1a5661f87a2cddc7bcc70f61579cc87897c70",
                "sha256:32a10a5903b5bc0eb647d01cd1e95bec3bb614a9bf53f0af1e01360b2debdf81",
                "sha256:3787c1f46e9722ef7f07ea5c76b0103037483d1b12e34a02c53ceca5afa4e09a",
                "sha256:3f82eb106e1474c63dba36a176067e65b48385f4cecddf3616411aa5d1fbdfec",
                "sha256:3f9b4856d46ba1f0c850f4e84b264a9a8b4460acb20e865ec00978ad9fbaa4cf",
                "sha256:4137137de8976511a392e27bfdcf231bd926ac13d375e0414e927b08217d779e",
                "sha256:4687dfc116a9f1eb22a7d797f0dc6f6e17190d406ca4e729634b38aa98044b17",
                "sha256:47dba2345aaa01b87e4981e8756af441349340708d5b60712c98c55a4d28f4af",
                "sha256:5a836bd85ae1fb4304f674808488dae403e136d274aa5bafd0e6ee456f11c371",
                "sha256:6e676bc3bb911b11f3d7e2144b9a53600bf6b9b21e0e4437aa308e1eef094d97",
                "sha256:72ee0e3fb9c6437ab3ae34e9abee67fcee6876f4f58504e3f613dd5882aafdb7",
                "sha256:79717080dc3f8b1eeb7f820b9b81528acbc04be6041f323fdd97550da2062575",
                "sha256:8ac842df4fc3952efa7820b277961ea55e068bbc54cb59a0820400de7ae358d8",
                "sha256:9f475b642c48b1b78584bdd12a5143e2c512485664331eade9c29ef769a17598",
                "sha256:b8ac7dee63af4346e02b1e6d32202e3b5b3706a9928bec6da6d7a5b066217422",
                "sha256:c0ac2e0ce6733c55858932e7d37fcc7b67ba6bb23e9648593c55f663de031b93",
                "sha256:c14576b737d9e6e4f2a86af04918dbe9b62f57ce8102a8695c9a382dbe405c7f",
                "sha256:cdc3975db86c29817e6d13df14e037c931fc893a710fb71097777a4147090068",
                "sha256:eda95634027200f4b2a6d499e7c2e7fa9b8ee57e045dfda26958ea0af27c070b"
            ],
            "markers": "python_version >= '3.5'",
            "version": "==0.3.0"
        },
        "hyperframe": {
            "hashes": [
                "sha256:5187962cb16dcc078f23cb5a4b110098d546c3f41ff2d4038a9896893bbd0b40",
                "sha256:a9f5c17f2cc3c719b917c4f33ed1c61bd1f8dfac4b1bd23b7c80b3400971b41f"
            ],
            "version": "==5.2.0"
        },
        "idna": {
            "hashes": [
                "sha256:c357b3f628cf53ae2c4c05627ecc484553142ca23264e593d327bcde5e9c3407",
                "sha256:ea8b7f6188e6fa117537c3df7da9fc686d485087abf6ac197f9c46432f7e4a3c"
            ],
            "index": "pypi",
            "version": "==2.8"
        },
        "imageio": {
            "hashes": [
                "sha256:c9763e5c187ecf74091c845626b0bdcc6130a20a0de7a86ae0108e2b5335ed3f",
                "sha256:f44eb231b9df485874f2ffd22dfd0c3c711e7de076516b9374edea5c65bc67ae"
            ],
            "index": "pypi",
            "version": "==2.6.1"
        },
        "jedi": {
            "hashes": [
                "sha256:786b6c3d80e2f06fd77162a07fed81b8baa22dde5d62896a790a331d6ac21a27",
                "sha256:ba859c74fa3c966a22f2aeebe1b74ee27e2a462f56d3f5f7ca4a59af61bfe42e"
            ],
            "index": "pypi",
            "version": "==0.15.1"
        },
        "lmdb": {
            "hashes": [
                "sha256:173d71ade5fd402c7e9ecb0a1d6022c92a7f89c313132ef4e5e561d349b0834b",
                "sha256:280ab0ea8665b2d8288cfd6082493a20f18511781c3cbcc337509f4b42295ca2",
                "sha256:3287daec1ae1f88956ce3fb0a79492a79170b3f2103e31331dab4770d3d9234e",
                "sha256:42473fac408bbbe25e2389ac2f05850a5f4981c13521ae4cdeb2684f3ff63e7b",
                "sha256:44b299ff46ead8c5d905b90e2c2a745bc518f3436328e2595578ff60fa4fa9fe",
                "sha256:4ce2ea158282a3501400ceb60fb4a08935bd8cc74cfcd0c3bd87d6a815d16578",
                "sha256:7d154e3b01c94424798e4b1befdc95d5d5a03563ae10752cc3a8adc2faaae008",
                "sha256:85158ad9b09d824877f79d1bceb3fa09f92698c0916243f2b0444851d46e479e",
                "sha256:888c1e443d3a7ebbcea690c59285eae9d1475be2432c0c903d8edfc2f52ec39c",
                "sha256:8ed2f8d705f040ffe54f8740a0aac3fd5c62c3b533879de7304ef8647ed9aac0",
                "sha256:c53fff334ceff942bb57da1e0d03592e55c40151f487e56f5eb6b76986c9f4cf",
                "sha256:ca72d92bf42fa8b18cb611bf0cff9d705b1883385c6208468516086252690df5",
                "sha256:d83fcc2a5d88f91e84c802e6f026e74c01989dbc1a71f415752ea49c515d8ef6",
                "sha256:e04182ad6706a4e97434832d2bc2daad3a9c9e79898e77211f3486255fa9ccae",
                "sha256:e1c9dd17398435b2f211d8671941737518b0b896002ec0492756c71783d01ad2",
                "sha256:ea759927ff820a478da4749532cf62c8ee75ba240fa400ea03a81090f915a372",
                "sha256:f463b511dec5ea2810e0192ba93334dace670a80b60dcbe74e11be35afc35f4f",
                "sha256:fde3fee9391a526bd9b19a35659a8bd4780b252084d7e01531bb433a3b03cac0",
                "sha256:ff43bd36d42d042bb2122d941ef8af5346a0a9c12b2fcef5bec1f9879d3bcb8a"
            ],
            "index": "pypi",
            "version": "==0.97"
        },
        "multidict": {
            "hashes": [
                "sha256:1ece5a3369835c20ed57adadc663400b5525904e53bae59ec854a5d36b39b21a",
                "sha256:275ca32383bc5d1894b6975bb4ca6a7ff16ab76fa622967625baeebcf8079000",
                "sha256:3750f2205b800aac4bb03b5ae48025a64e474d2c6cc79547988ba1d4122a09e2",
                "sha256:4538273208e7294b2659b1602490f4ed3ab1c8cf9dbdd817e0e9db8e64be2507",
                "sha256:5141c13374e6b25fe6bf092052ab55c0c03d21bd66c94a0e3ae371d3e4d865a5",
                "sha256:51a4d210404ac61d32dada00a50ea7ba412e6ea945bbe992e4d7a595276d2ec7",
                "sha256:5cf311a0f5ef80fe73e4f4c0f0998ec08f954a6ec72b746f3c179e37de1d210d",
                "sha256:6513728873f4326999429a8b00fc7ceddb2509b01d5fd3f3be7881a257b8d463",
                "sha256:7388d2ef3c55a8ba80da62ecfafa06a1c097c18032a501ffd4cabbc52d7f2b19",
                "sha256:9456e90649005ad40558f4cf51dbb842e32807df75146c6d940b6f5abb4a78f3",
                "sha256:c026fe9a05130e44157b98fea3ab12969e5b60691a276150db9eda71710cd10b",
                "sha256:d14842362ed4cf63751648e7672f7174c9818459d169231d03c56e84daf90b7c",
                "sha256:e0d072ae0f2a179c375f67e3da300b47e1a83293c554450b29c900e50afaae87",
                "sha256:f07acae137b71af3bb548bd8da720956a3bc9f9a0b87733e0899226a2317aeb7",
                "sha256:fbb77a75e529021e7c4a8d4e823d88ef4d23674a202be4f5addffc72cbb91430",
                "sha256:fcfbb44c59af3f8ea984de67ec7c306f618a3ec771c2843804069917a8f2e255",
                "sha256:feed85993dbdb1dbc29102f50bca65bdc68f2c0c8d352468c25b54874f23c39d"
            ],
            "markers": "python_version >= '3.5'",
            "version": "==4.7.6"
        },
        "numpy": {
            "hashes": [
                "sha256:05dbfe72684cc14b92568de1bc1f41e5f62b00f714afc9adee42f6311738091f",
                "sha256:0d82cb7271a577529d07bbb05cb58675f2deb09772175fab96dc8de025d8ac05",
                "sha256:10132aa1fef99adc85a905d82e8497a580f83739837d7cbd234649f2e9b9dc58",
                "sha256:12322df2e21f033a60c80319c25011194cd2a21294cc66fee0908aeae2c27832",
                "sha256:16f19b3aa775dddc9814e02a46b8e6ae6a54ed8cf143962b4e53f0471dbd7b16",
                "sha256:3d0b0989dd2d066db006158de7220802899a1e5c8cf622abe2d0bd158fd01c2c",
                "sha256:438a3f0e7b681642898fd7993d38e2bf140a2d1eafaf3e89bb626db7f50db355",
                "sha256:5fd214f482ab53f2cea57414c5fb3e58895b17df6e6f5bca5be6a0bb6aea23bb",
                "sha256:73615d3edc84dd7c4aeb212fa3748fb83217e00d201875a47327f55363cef2df",
                "sha256:7bd355ad7496f4ce1d235e9814ec81ee3d28308d591c067ce92e49f745ba2c2f",
                "sha256:7d077f2976b8f3de08a0dcf5d72083f4af5411e8fddacd662aae27baa2601196",
                "sha256:a4092682778dc48093e8bda8d26ee8360153e2047826f95a3f5eae09f0ae3abf",
                "sha256:b458de8624c9f6034af492372eb2fee41a8e605f03f4732f43fc099e227858b2",
                "sha256:e70fc8ff03a961f13363c2c95ef8285e0cf6a720f8271836f852cc0fa64e97c8",
                "sha256:ee8e9d7cad5fe6dde50ede0d2e978d81eafeaa6233fb0b8719f60214cf226578",
                "sha256:f4a4f6aba148858a5a5d546a99280f71f5ee6ec8182a7d195af1a914195b21a2"
            ],
            "index": "pypi",
            "version": "==1.17.2"
        },
        "parso": {
            "hashes": [
                "sha256:63854233e1fadb5da97f2744b6b24346d2750b85965e7e399bec1620232797dc",
                "sha256:666b0ee4a7a1220f65d367617f2cd3ffddff3e205f3f16a0284df30e774c2a9c"
            ],
            "index": "pypi",
            "version": "==0.5.1"
        },
        "pillow": {
            "hashes": [
                "sha256:0412516dcc9de9b0a1e0ae25a280015809de8270f134cc2c1e32c4eeb397cf30",
                "sha256:04835e68ef12904bc3e1fd002b33eea0779320d4346082bd5b24bec12ad9c3e9",
                "sha256:06d1adaa284696785375fa80a6a8eb309be722cf4ef8949518beb34487a3df71",
                "sha256:085a90a99404b859a4b6c3daa42afde17cb3ad3115e44a75f0d7b4a32f06a6c9",
                "sha256:0b9911ec70731711c3b6ebcde26caea620cbdd9dcb73c67b0730c8817f24711b",
                "sha256:10e00f7336780ca7d3653cf3ac26f068fa11b5a96894ea29a64d3dc4b810d630",
                "sha256:11c27e74bab423eb3c9232d97553111cc0be81b74b47165f07ebfdd29d825875",
                "sha256:11eb7f98165d56042545c9e6db3ce394ed8b45089a67124298f0473b29cb60b2",
                "sha256:13654b521fb98abdecec105ea3fb5ba863d1548c9b58831dd5105bb3873569f1",
                "sha256:15ccb81a6ffc57ea0137f9f3ac2737ffa1d11f786244d719639df17476d399a7",
                "sha256:18a07a683805d32826c09acfce44a90bf474e6a66ce482b1c7fcd3757d588df3",
                "sha256:19ec4cfe4b961edc249b0e04b5618666c23a83bc35842dea2bfd5dfa0157f81b",
                "sha256:1c3ff00110835bdda2b1e2b07f4a2548a39744bb7de5946dc8e95517c4fb2ca6",
                "sha256:27a330bf7014ee034046db43ccbb05c766aa9e70b8d6c5260bfc38d73103b0ba",
                "sha256:2b11c9d310a3522b0fd3c35667914271f570576a0e387701f370eb39d45f08a4",
                "sha256:2c661542c6f71dfd9dc82d9d29a8386287e82813b0375b3a02983feac69ef864",
                "sha256:2cde7a4d3687f21cffdf5bb171172070bb95e02af448c4c8b2f223d783214056",
                "sha256:2d5e9dc0bf1b5d9048a94c48d0813b6c96fccfa4ccf276d9c36308840f40c228",
                "sha256:2f23b2d3079522fdf3c09de6517f625f7a964f916c956527bed805ac043799b8",
                "sha256:35d27687f027ad25a8d0ef45dd5208ef044c588003cdcedf05afb00dbc5c2deb",
                "sha256:35d409030bf3bd05fa66fb5fdedc39c521b397f61ad04309c90444e893d05f7d",
                "sha256:4326ea1e2722f3dc00ed77c36d3b5354b8fb7399fb59230249ea6d59cbed90da",
                "sha256:4abc247b31a98f29e5224f2d31ef15f86a71f79c7f4d2ac345a5d551d6393073",
                "sha256:4d89a2e9219a526401015153c0e9dd48319ea6ab9fe3b066a20aa9aee23d9fd3",
                "sha256:4e59e99fd680e2b8b11bbd463f3c9450ab799305d5f2bafb74fefba6ac058616",
                "sha256:548794f99ff52a73a156771a0402f5e1c35285bd981046a502d7e4793e8facaa",
                "sha256:56fd98c8294f57636084f4b076b75f86c57b2a63a8410c0cd172bc93695ee979",
                "sha256:59697568a0455764a094585b2551fd76bfd6b959c9f92d4bdec9d0e14616303a",
                "sha256:6bff50ba9891be0a004ef48828e012babaaf7da204d81ab9be37480b9020a82b",
                "sha256:6cb3dd7f23b044b0737317f892d399f9e2f0b3a02b22b2c692851fb8120d82c6",
                "sha256:7dbfbc0020aa1d9bc1b0b8bcf255a7d73f4ad0336f8fd2533fcc54a4ccfb9441",
                "sha256:838eb85de6d9307c19c655c726f8d13b8b646f144ca6b3771fa62b711ebf7624",
                "sha256:8b68f565a4175e12e68ca900af8910e8fe48aaa48fd3ca853494f384e11c8bcd",
                "sha256:8f284dc1695caf71a74f24993b7c7473d77bc760be45f776a2c2f4e04c170550",
                "sha256:963ebdc5365d748185fdb06daf2ac758116deecb2277ec5ae98139f93844bc09",
                "sha256:a048dad5ed6ad1fad338c02c609b862dfaa921fcd065d747194a6805f91f2196",
                "sha256:a1bd983c565f92779be456ece2479840ec39d386007cd4ae83382646293d681b",
                "sha256:a66566f8a22561fc1a88dc87606c69b84fa9ce724f99522cf922c801ec68f5c1",
                "sha256:bcb04ff12e79b28be6c9988f275e7ab69f01cc2ba319fb3114f87817bb7c74b6",
                "sha256:bd24054aaf21e70a51e2a2a5ed1183560d3a69e6f9594a4bfe360a46f94eba83",
                "sha256:be25cb93442c6d2f8702c599b51184bd3ccd83adebd08886b682173e09ef0c3f",
                "sha256:c691b26283c3a31594683217d746f1dad59a7ae1d4cfc24626d7a064a11197d4",
                "sha256:cc9d0dec711c914ed500f1d0d3822868760954dce98dfb0b7382a854aee55d19",
                "sha256:ce2e5e04bb86da6187f96d7bab3f93a7877830981b37f0287dd6479e27a10341",
                "sha256:ce651ca46d0202c302a535d3047c55a0131a720cf554a578fc1b8a2aff0e7d96",
                "sha256:d0c8ebbfd439c37624db98f3877d9ed12c137cadd99dde2d2eae0dab0bbfc355",
                "sha256:d675a876b295afa114ca8bf42d7f86b5fb1298e1b6bb9a24405a3f6c8338811c",
                "sha256:dde3f3ed8d00c72631bc19cbfff8ad3b6215062a5eed402381ad365f82f0c18c",
                "sha256:e5a31c07cea5edbaeb4bdba6f2b87db7d3dc0f446f379d907e51cc70ea375629",
                "sha256:f514c2717012859ccb349c97862568fdc0479aad85b0270d6b5a6509dbc142e2",
                "sha256:fc0db32f7223b094964e71729c0361f93db43664dd1ec86d3df217853cedda87",
                "sha256:fd4fd83aa912d7b89b4b4a1580d30e2a4242f3936882a3f433586e5ab97ed0d5",
                "sha256:feb5db446e96bfecfec078b943cc07744cc759893cef045aa8b8b6d6aaa8274e"
            ],
            "index": "pypi",
            "version": "==8.3.2"
        },
        "prompt-toolkit": {
            "hashes": [
                "sha256:46642344ce457641f28fc9d1c9ca939b63dadf8df128b86f1b9860e59c73a5e4",
                "sha256:e7f8af9e3d70f514373bf41aa51bc33af12a6db3f71461ea47fea985defb2c31",
                "sha256:f15af68f66e664eaa559d4ac8a928111eebd5feda0c11738b5998045224829db"
            ],
            "index": "pypi",
            "version": "==2.0.10"
        },
        "ptpython": {
            "hashes": [
                "sha256:0977f56c934789d9955839ef71268148858f826fda49b267cb377ac7501a897b",
                "sha256:90e24040e82de4abae0bbe6e352d59ae6657e14e1154e742c0038679361b052f"
            ],
            "index": "pypi",
            "version": "==2.0.6"
        },
        "pygments": {
            "hashes": [
                "sha256:71e430bc85c88a430f000ac1d9b331d2407f681d6f6aec95e8bcfbc3df5b0127",
                "sha256:881c4c157e45f30af185c1ffe8d549d48ac9127433f2c380c24b84572ad66297"
            ],
            "index": "pypi",
            "version": "==2.4.2"
        },
        "pymemcache": {
            "hashes": [
                "sha256:3b177743d2bc680a80e74835d080121f7338c35551fbc4cea9bcda9aa841d9f7",
                "sha256:bb1fa46b5c6ed74d72586e2da4b58db96d0b0ff062b2c45e88d45be9be154801"
            ],
            "index": "pypi",
            "version": "==2.2.2"
        },
        "redis": {
            "hashes": [
                "sha256:3613daad9ce5951e426f460deddd5caf469e08a3af633e9578fc77d362becf62",
                "sha256:8d0fc278d3f5e1249967cba2eb4a5632d19e45ce5c09442b8422d15ee2c22cc2"
            ],
            "index": "pypi",
            "version": "==3.3.11"
        },
        "requests": {
            "hashes": [
                "sha256:11e007a8a2aa0323f5a921e9e6a2d7e4e67d9877e85773fba9ba6419025cbeb4",
                "sha256:9cf5292fcd0f598c671cfc1e0d7d1a7f13bb8085e9a590f48c010551dc6c4b31"
            ],
            "index": "pypi",
            "version": "==2.22.0"
        },
        "requests-async": {
            "hashes": [
                "sha256:8731420451383196ecf2fd96082bfc8ae5103ada90aba185888499d7784dde6f"
            ],
            "markers": "python_version >= '3.6'",
            "version": "==0.5.0"
        },
        "rfc3986": {
            "hashes": [
                "sha256:270aaf10d87d0d4e095063c65bf3ddbc6ee3d0b226328ce21e036f946e421835",
                "sha256:a86d6e1f5b1dc238b218b012df0aa79409667bb209e58da56d0b94704e712a97"
            ],
            "version": "==1.5.0"
        },
        "sanic": {
            "hashes": [
                "sha256:5e975a288d862a57db64349798b0180f2d6a4546ffd34dcd533cdda05467f06c",
                "sha256:fdde669f97d5c7a8223b3ab671b9a2c9fe73dd3461195f9fb3951e87a312164d"
            ],
            "index": "pypi",
            "version": "==19.9.0"
        },
        "six": {
            "hashes": [
                "sha256:3350809f0555b11f552448330d0b52d5f24c91a322ea4a15ef22629740f3761c",
                "sha256:d16a0141ec1a18405cd4ce8b4613101da75da0e9a7aec5bdd4fa804d0e0eba73"
            ],
            "index": "pypi",
            "version": "==1.12.0"
        },
        "toml": {
            "hashes": [
                "sha256:229f81c57791a41d65e399fc06bf0848bab550a9dfd5ed66df18ce5f05e73d5c",
                "sha256:235682dd292d5899d361a811df37e04a8828a5b1da3115886b73cf81ebc9100e",
                "sha256:f1db651f9657708513243e61e6cc67d101a39bad662eaa9b5546f789338e07a3"
            ],
            "index": "pypi",
            "version": "==0.10.0"
        },
        "ujson": {
            "hashes": [
                "sha256:117855246a9ea3f61f3b69e5ca1b1d11d622b3126f50a0ec08b577cb5c87e56e",
                "sha256:148680f2bc6e52f71c56908b65f59b36a13611ac2f75a86f2cb2bce2b2c2588c",
                "sha256:1fb2455e62f20ab4a6d49f78b5dc4ff99c72fdab9466e761120e9757fa35f4d7",
                "sha256:2251fc9395ba4498cbdc48136a179b8f20914fa8b815aa9453b20b48ad120f43",
                "sha256:22b63ec4409f0d2f2c4c9d5aa331997e02470b7a15a3233f3cc32f2f9b92d58c",
                "sha256:41b7e5422184249b5b94d1571206f76e5d91e8d721ce51abe341a88f41dd6692",
                "sha256:44993136fd2ecade747b6db95917e4f015a3279e09a08113f70cbbd0d241e66a",
                "sha256:44db30b8fc52e70a6f67def11804f74818addafef0a65cd7f0abb98b7830920f",
                "sha256:807bb0585f30a650ec981669827721ed3ee1ee24f2c6f333a64982a40eb66b82",
                "sha256:81a49dbf176ae041fc86d2da564f5b9b46faf657306035632da56ecfd7203193",
                "sha256:8e8fe9bbeca130debb10eea7910433a0714c8efc057fad36353feccb87c1d07f",
                "sha256:9005d0d952d0c1b3dff5cdb79df2bde35a3499e2de3f708a22c45bbb4089a1f6",
                "sha256:971d4b450e689bfec8ad6b22060fb9b9bec1e0860dbdf0fa7cfe4068adbc5f58",
                "sha256:989bed422e7e20c7ba740a4e1bbeb28b3b6324e04f023ea238a2e5449fc53668",
                "sha256:9e962df227fd1d851ff095382a9f8432c2470c3ee640f02ae14231dc5728e6f3",
                "sha256:a873c93d43f9bd14d9e9a6d2c6eb7aae4aad9717fe40c748d0cd4b6ed7767c62",
                "sha256:be6013cda610c5149fb80a84ee815b210aa2e7fe4edf1d2bce42c02336715208",
                "sha256:d1c2fb32976982e4e75ca0843a1e7b2254b8c5d8c45d979ebf2db29305b4fa31",
                "sha256:d2955dd5cce0e76ba56786d647aaedca2cebb75eda9f0ec1787110c3646751a8",
                "sha256:f135db442e5470d9065536745968efc42a60233311c8509b9327bcd59a8821c7",
                "sha256:f453480b275192ae40ef350a4e8288977f00b02e504ed34245ebd12d633620cb"
            ],
            "markers": "sys_platform != 'win32' and implementation_name == 'cpython'",
            "version": "==4.1.0"
        },
        "urllib3": {
            "hashes": [
                "sha256:3de946ffbed6e6746608990594d08faac602528ac7015ac28d33cee6a45b7398",
                "sha256:9a107b99a5393caf59c7aa3c1249c16e6879447533d0887f4336dde834c7be86"
            ],
            "index": "pypi",
            "version": "==1.25.6"
        },
        "uvloop": {
            "hashes": [
                "sha256:08b109f0213af392150e2fe6f81d33261bb5ce968a288eb698aad4f46eb711bd",
                "sha256:123ac9c0c7dd71464f58f1b4ee0bbd81285d96cdda8bc3519281b8973e3a461e",
                "sha256:4315d2ec3ca393dd5bc0b0089d23101276778c304d42faff5dc4579cb6caef09",
                "sha256:4544dcf77d74f3a84f03dd6278174575c44c67d7165d4c42c71db3fdc3860726",
                "sha256:afd5513c0ae414ec71d24f6f123614a80f3d27ca655a4fcf6cabe50994cc1891",
                "sha256:b4f591aa4b3fa7f32fb51e2ee9fea1b495eb75b0b3c8d0ca52514ad675ae63f7",
                "sha256:bcac356d62edd330080aed082e78d4b580ff260a677508718f88016333e2c9c5",
                "sha256:e7514d7a48c063226b7d06617cbb12a14278d4323a065a8d46a7962686ce2e95",
                "sha256:f07909cd9fc08c52d294b1570bba92186181ca01fe3dc9ffba68955273dd7362"
            ],
            "markers": "sys_platform != 'win32' and implementation_name == 'cpython'",
            "version": "==0.14.0"
        },
        "wcwidth": {
            "hashes": [
                "sha256:3df37372226d6e63e1b1e1eda15c594bca98a22d33a23832a90998faa96bc65e",
                "sha256:f4ebe71925af7b40a864553f761ed559b43544f8f71746c2d756c7fe788ade7c"
            ],
            "index": "pypi",
            "version": "==0.1.7"
        },
        "websockets": {
            "hashes": [
                "sha256:0e4fb4de42701340bd2353bb2eee45314651caa6ccee80dbd5f5d5978888fed5",
                "sha256:1d3f1bf059d04a4e0eb4985a887d49195e15ebabc42364f4eb564b1d065793f5",
                "sha256:20891f0dddade307ffddf593c733a3fdb6b83e6f9eef85908113e628fa5a8308",
                "sha256:295359a2cc78736737dd88c343cd0747546b2174b5e1adc223824bcaf3e164cb",
                "sha256:2db62a9142e88535038a6bcfea70ef9447696ea77891aebb730a333a51ed559a",
                "sha256:3762791ab8b38948f0c4d281c8b2ddfa99b7e510e46bd8dfa942a5fff621068c",
                "sha256:3db87421956f1b0779a7564915875ba774295cc86e81bc671631379371af1170",
                "sha256:3ef56fcc7b1ff90de46ccd5a687bbd13a3180132268c4254fc0fa44ecf4fc422",
                "sha256:4f9f7d28ce1d8f1295717c2c25b732c2bc0645db3215cf757551c392177d7cb8",
                "sha256:5c01fd846263a75bc8a2b9542606927cfad57e7282965d96b93c387622487485",
                "sha256:5c65d2da8c6bce0fca2528f69f44b2f977e06954c8512a952222cea50dad430f",
                "sha256:751a556205d8245ff94aeef23546a1113b1dd4f6e4d102ded66c39b99c2ce6c8",
                "sha256:7ff46d441db78241f4c6c27b3868c9ae71473fe03341340d2dfdbe8d79310acc",
                "sha256:965889d9f0e2a75edd81a07592d0ced54daa5b0785f57dc429c378edbcffe779",
                "sha256:9b248ba3dd8a03b1a10b19efe7d4f7fa41d158fdaa95e2cf65af5a7b95a4f989",
                "sha256:9bef37ee224e104a413f0780e29adb3e514a5b698aabe0d969a6ba426b8435d1",
                "sha256:c1ec8db4fac31850286b7cd3b9c0e1b944204668b8eb721674916d4e28744092",
                "sha256:c8a116feafdb1f84607cb3b14aa1418424ae71fee131642fc568d21423b51824",
                "sha256:ce85b06a10fc65e6143518b96d3dca27b081a740bae261c2fb20375801a9d56d",
                "sha256:d705f8aeecdf3262379644e4b55107a3b55860eb812b673b28d0fbc347a60c55",
                "sha256:e898a0863421650f0bebac8ba40840fc02258ef4714cb7e1fd76b6a6354bda36",
                "sha256:f8a7bff6e8664afc4e6c28b983845c5bc14965030e3fb98789734d416af77c4b"
            ],
            "markers": "python_full_version >= '3.6.1'",
            "version": "==8.1"
        }
    },
    "develop": {}
}
